
Microsoft Visual Studio Solution File, Format Version 12.00
# Visual Studio Version 16
VisualStudioVersion = 16.0.31613.86
MinimumVisualStudioVersion = 10.0.40219.1
Project("{FAE04EC0-301F-11D3-BF4B-00C04F79EFBC}") = "CedBooks", "CedBooks\CedBooks.csproj", "{C5CADAB6-3F45-4D1E-83B7-29493060278A}"
EndProject
Global
	GlobalSection(SolutionConfigurationPlatforms) = preSolution
		Debug|Any CPU = Debug|Any CPU
		Release|Any CPU = Release|Any CPU
	EndGlobalSection
	GlobalSection(ProjectConfigurationPlatforms) = postSolution
		{C5CADAB6-3F45-4D1E-83B7-29493060278A}.Debug|Any CPU.ActiveCfg = Debug|Any CPU
		{C5CADAB6-3F45-4D1E-83B7-29493060278A}.Debug|Any CPU.Build.0 = Debug|Any CPU
		{C5CADAB6-3F45-4D1E-83B7-29493060278A}.Release|Any CPU.ActiveCfg = Release|Any CPU
		{C5CADAB6-3F45-4D1E-83B7-29493060278A}.Release|Any CPU.Build.0 = Release|Any CPU
	EndGlobalSection
	GlobalSection(SolutionProperties) = preSolution
		HideSolutionNode = FALSE
	EndGlobalSection
	GlobalSection(ExtensibilityGlobals) = postSolution
		SolutionGuid = {0D9211BE-4CE9-4672-9082-092D578AE4EC}
	EndGlobalSection
EndGlobal
